
Microsoft Visual Studio Solution File, Format Version 12.00
# Visual Studio Version 17
VisualStudioVersion = 17.4.33213.308
MinimumVisualStudioVersion = 10.0.40219.1
Project("{FAE04EC0-301F-11D3-BF4B-00C04F79EFBC}") = "WpfRasp", "WpfRasp\WpfRasp.csproj", "{7733246F-9E17-4B2D-A4CF-256181CE0E66}"
EndProject
Global
	GlobalSection(SolutionConfigurationPlatforms) = preSolution
		Debug|Any CPU = Debug|Any CPU
		Release|Any CPU = Release|Any CPU
	EndGlobalSection
	GlobalSection(ProjectConfigurationPlatforms) = postSolution
		{7733246F-9E17-4B2D-A4CF-256181CE0E66}.Debug|Any CPU.ActiveCfg = Debug|Any CPU
		{7733246F-9E17-4B2D-A4CF-256181CE0E66}.Debug|Any CPU.Build.0 = Debug|Any CPU
		{7733246F-9E17-4B2D-A4CF-256181CE0E66}.Release|Any CPU.ActiveCfg = Release|Any CPU
		{7733246F-9E17-4B2D-A4CF-256181CE0E66}.Release|Any CPU.Build.0 = Release|Any CPU
	EndGlobalSection
	GlobalSection(SolutionProperties) = preSolution
		HideSolutionNode = FALSE
	EndGlobalSection
	GlobalSection(ExtensibilityGlobals) = postSolution
		SolutionGuid = {2FCA1C14-FC64-46E5-80B3-0DE9C05ACA49}
	EndGlobalSection
EndGlobal
